
Microsoft Visual Studio Solution File, Format Version 12.00
# Visual Studio 15
VisualStudioVersion = 15.0.26730.15
MinimumVisualStudioVersion = 10.0.40219.1
Project("{FAE04EC0-301F-11D3-BF4B-00C04F79EFBC}") = "NetCore2.EFCore2.CodeFirstCreateDataBaseDemo", "NetCore2.EFCore2.CodeFirstCreateDataBaseDemo\NetCore2.EFCore2.CodeFirstCreateDataBaseDemo.csproj", "{911A2EBA-CD0A-46C7-9CEE-E5B760687BEF}"
EndProject
Global
	GlobalSection(SolutionConfigurationPlatforms) = preSolution
		Debug|Any CPU = Debug|Any CPU
		Release|Any CPU = Release|Any CPU
	EndGlobalSection
	GlobalSection(ProjectConfigurationPlatforms) = postSolution
		{911A2EBA-CD0A-46C7-9CEE-E5B760687BEF}.Debug|Any CPU.ActiveCfg = Debug|Any CPU
		{911A2EBA-CD0A-46C7-9CEE-E5B760687BEF}.Debug|Any CPU.Build.0 = Debug|Any CPU
		{911A2EBA-CD0A-46C7-9CEE-E5B760687BEF}.Release|Any CPU.ActiveCfg = Release|Any CPU
		{911A2EBA-CD0A-46C7-9CEE-E5B760687BEF}.Release|Any CPU.Build.0 = Release|Any CPU
	EndGlobalSection
	GlobalSection(SolutionProperties) = preSolution
		HideSolutionNode = FALSE
	EndGlobalSection
	GlobalSection(ExtensibilityGlobals) = postSolution
		SolutionGuid = {96FF4D84-1A70-4555-A417-F2330A4A0588}
	EndGlobalSection
EndGlobal
